
Microsoft Visual Studio Solution File, Format Version 10.00
# Visual Studio 2008
Project("{FAE04EC0-301F-11D3-BF4B-00C04F79EFBC}") = "Business", "Business\Business.csproj", "{B9F37012-AA07-4C2D-88FC-0AA08680BFF3}"
EndProject
Project("{FAE04EC0-301F-11D3-BF4B-00C04F79EFBC}") = "Data", "Data\Data.csproj", "{1B7A0041-8730-42BD-A97C-7C9E039B8FC1}"
EndProject
Project("{FAE04EC0-301F-11D3-BF4B-00C04F79EFBC}") = "Client", "Client\Client.csproj", "{EB3FD946-D996-4757-BCA7-2036FDFEC0A0}"
EndProject
Global
	GlobalSection(SolutionConfigurationPlatforms) = preSolution
		Debug|Any CPU = Debug|Any CPU
		Release|Any CPU = Release|Any CPU
	EndGlobalSection
	GlobalSection(ProjectConfigurationPlatforms) = postSolution
		{B9F37012-AA07-4C2D-88FC-0AA08680BFF3}.Debug|Any CPU.ActiveCfg = Debug|Any CPU
		{B9F37012-AA07-4C2D-88FC-0AA08680BFF3}.Debug|Any CPU.Build.0 = Debug|Any CPU
		{B9F37012-AA07-4C2D-88FC-0AA08680BFF3}.Release|Any CPU.ActiveCfg = Release|Any CPU
		{B9F37012-AA07-4C2D-88FC-0AA08680BFF3}.Release|Any CPU.Build.0 = Release|Any CPU
		{1B7A0041-8730-42BD-A97C-7C9E039B8FC1}.Debug|Any CPU.ActiveCfg = Debug|Any CPU
		{1B7A0041-8730-42BD-A97C-7C9E039B8FC1}.Debug|Any CPU.Build.0 = Debug|Any CPU
		{1B7A0041-8730-42BD-A97C-7C9E039B8FC1}.Release|Any CPU.ActiveCfg = Release|Any CPU
		{1B7A0041-8730-42BD-A97C-7C9E039B8FC1}.Release|Any CPU.Build.0 = Release|Any CPU
		{EB3FD946-D996-4757-BCA7-2036FDFEC0A0}.Debug|Any CPU.ActiveCfg = Debug|Any CPU
		{EB3FD946-D996-4757-BCA7-2036FDFEC0A0}.Debug|Any CPU.Build.0 = Debug|Any CPU
		{EB3FD946-D996-4757-BCA7-2036FDFEC0A0}.Release|Any CPU.ActiveCfg = Release|Any CPU
		{EB3FD946-D996-4757-BCA7-2036FDFEC0A0}.Release|Any CPU.Build.0 = Release|Any CPU
	EndGlobalSection
	GlobalSection(SolutionProperties) = preSolution
		HideSolutionNode = FALSE
	EndGlobalSection
EndGlobal
